
Microsoft Visual Studio Solution File, Format Version 12.00
# Visual Studio Version 16
VisualStudioVersion = 16.0.31229.75
MinimumVisualStudioVersion = 10.0.40219.1
Project("{9A19103F-16F7-4668-BE54-9A1E7A4F7556}") = "BaseListener", "BaseListener\BaseListener.csproj", "{D35EB224-4E39-4BFA-AA84-BB82558CB057}"
EndProject
Project("{9A19103F-16F7-4668-BE54-9A1E7A4F7556}") = "BaseListener.Tests", "BaseListener.Tests\BaseListener.Tests.csproj", "{C633125D-8F93-4BB8-97EE-5D96C93CAF53}"
EndProject
Project("{2150E333-8FDC-42A3-9474-1A3956D46DE8}") = "Solution Items", "Solution Items", "{3F33E5D4-98CD-4BEA-A03C-2A7050DABF6A}"
	ProjectSection(SolutionItems) = preProject
		docker-compose.yml = docker-compose.yml
		README.md = README.md
	EndProjectSection
EndProject
Project("{2150E333-8FDC-42A3-9474-1A3956D46DE8}") = "CircleCi", "CircleCi", "{DDE4ED49-C432-4A09-B39E-E142A5F03A4E}"
	ProjectSection(SolutionItems) = preProject
		.circleci\config = .circleci\config
		.circleci\config.yml = .circleci\config.yml
	EndProjectSection
EndProject
Project("{2150E333-8FDC-42A3-9474-1A3956D46DE8}") = "Terraform", "Terraform", "{FC2D8E05-8022-4428-9A12-81D2092A08B6}"
EndProject
Project("{2150E333-8FDC-42A3-9474-1A3956D46DE8}") = "Development", "Development", "{AC824521-7F33-4AB1-A301-86B73396295F}"
	ProjectSection(SolutionItems) = preProject
		terraform\development\main.tf = terraform\development\main.tf
		terraform\development\variables.tf = terraform\development\variables.tf
	EndProjectSection
EndProject
Project("{2150E333-8FDC-42A3-9474-1A3956D46DE8}") = "Staging", "Staging", "{1736DABB-23ED-4A97-8ADF-C62C2B60C35B}"
	ProjectSection(SolutionItems) = preProject
		terraform\staging\main.tf = terraform\staging\main.tf
		terraform\staging\variable.tf = terraform\staging\variable.tf
	EndProjectSection
EndProject
Project("{2150E333-8FDC-42A3-9474-1A3956D46DE8}") = "Production", "Production", "{BB3D2E03-98EB-4139-B71D-EBCE9C067F92}"
	ProjectSection(SolutionItems) = preProject
		terraform\production\main.tf = terraform\production\main.tf
		terraform\production\variables.tf = terraform\production\variables.tf
	EndProjectSection
EndProject
Global
	GlobalSection(SolutionConfigurationPlatforms) = preSolution
		Debug|Any CPU = Debug|Any CPU
		Release|Any CPU = Release|Any CPU
	EndGlobalSection
	GlobalSection(ProjectConfigurationPlatforms) = postSolution
		{D35EB224-4E39-4BFA-AA84-BB82558CB057}.Debug|Any CPU.ActiveCfg = Debug|Any CPU
		{D35EB224-4E39-4BFA-AA84-BB82558CB057}.Debug|Any CPU.Build.0 = Debug|Any CPU
		{D35EB224-4E39-4BFA-AA84-BB82558CB057}.Release|Any CPU.ActiveCfg = Release|Any CPU
		{D35EB224-4E39-4BFA-AA84-BB82558CB057}.Release|Any CPU.Build.0 = Release|Any CPU
		{C633125D-8F93-4BB8-97EE-5D96C93CAF53}.Debug|Any CPU.ActiveCfg = Debug|Any CPU
		{C633125D-8F93-4BB8-97EE-5D96C93CAF53}.Debug|Any CPU.Build.0 = Debug|Any CPU
		{C633125D-8F93-4BB8-97EE-5D96C93CAF53}.Release|Any CPU.ActiveCfg = Release|Any CPU
		{C633125D-8F93-4BB8-97EE-5D96C93CAF53}.Release|Any CPU.Build.0 = Release|Any CPU
	EndGlobalSection
	GlobalSection(SolutionProperties) = preSolution
		HideSolutionNode = FALSE
	EndGlobalSection
	GlobalSection(NestedProjects) = preSolution
		{AC824521-7F33-4AB1-A301-86B73396295F} = {FC2D8E05-8022-4428-9A12-81D2092A08B6}
		{1736DABB-23ED-4A97-8ADF-C62C2B60C35B} = {FC2D8E05-8022-4428-9A12-81D2092A08B6}
		{BB3D2E03-98EB-4139-B71D-EBCE9C067F92} = {FC2D8E05-8022-4428-9A12-81D2092A08B6}
	EndGlobalSection
	GlobalSection(ExtensibilityGlobals) = postSolution
		SolutionGuid = {2589E439-3083-41D4-989C-D02404BB8CE5}
	EndGlobalSection
EndGlobal
